<?xml version="1.0" encoding="utf-8"?>
<Project ToolsVersion="4.0" xmlns="http://schemas.microsoft.com/developer/msbuild/2003">
  <ItemGroup>
    <Filter Include="resources">
      <UniqueIdentifier>{202B5BA7-8C95-0F1E-D5D3-C0C3417DED72}</UniqueIdentifier>
    </Filter>
    <Filter Include="src">
      <UniqueIdentifier>{2DAB880B-99B4-887C-2230-9F7C8E38947C}</UniqueIdentifier>
    </Filter>
    <Filter Include="src\Adonis">
      <UniqueIdentifier>{3A812D04-2639-6F51-8F40-48AD7B170A42}</UniqueIdentifier>
    </Filter>
    <Filter Include="src\Adonis\Eventsystem">
      <UniqueIdentifier>{10825ECA-FC7B-871C-E5E8-1D2DD181ED88}</UniqueIdentifier>
    </Filter>
    <Filter Include="src\Adonis\Eventsystem\Events">
      <UniqueIdentifier>{F43B4BB2-6054-32DC-2901-C27595D8C675}</UniqueIdentifier>
    </Filter>
    <Filter Include="src\Adonis\GLFW">
      <UniqueIdentifier>{B9108C1C-259C-F9E0-2EAD-7CD59AB755E1}</UniqueIdentifier>
    </Filter>
    <Filter Include="src\Adonis\ImGui">
      <UniqueIdentifier>{E47944AE-D072-6300-F9A4-4885E5FC420C}</UniqueIdentifier>
    </Filter>
    <Filter Include="src\Adonis\Math">
      <UniqueIdentifier>{53BA8F1C-BF45-FDE0-C856-80D5346159E1}</UniqueIdentifier>
    </Filter>
    <Filter Include="src\Adonis\OpenGL">
      <UniqueIdentifier>{2E451985-9A5B-171B-E3D2-A23C4F28E8A2}</UniqueIdentifier>
    </Filter>
    <Filter Include="src\Adonis\OpenGL\Shaders">
      <UniqueIdentifier>{07B8CE55-737A-02E0-BC2A-916C282CDBBD}</UniqueIdentifier>
    </Filter>
    <Filter Include="src\Adonis\Rendering">
      <UniqueIdentifier>{079BB716-F329-41E0-9C48-55DB88B65186}</UniqueIdentifier>
    </Filter>
  </ItemGroup>
  <ItemGroup>
    <ClInclude Include="src\Adonis.h">
      <Filter>src</Filter>
    </ClInclude>
    <ClInclude Include="src\Adonis\Application.h">
      <Filter>src\Adonis</Filter>
    </ClInclude>
    <ClInclude Include="src\Adonis\Core.h">
      <Filter>src\Adonis</Filter>
    </ClInclude>
    <ClInclude Include="src\Adonis\EntryPoint.h">
      <Filter>src\Adonis</Filter>
    </ClInclude>
    <ClInclude Include="src\Adonis\Eventsystem\Event.h">
      <Filter>src\Adonis\Eventsystem</Filter>
    </ClInclude>
    <ClInclude Include="src\Adonis\Eventsystem\EventListener.h">
      <Filter>src\Adonis\Eventsystem</Filter>
    </ClInclude>
    <ClInclude Include="src\Adonis\Eventsystem\EventManager.h">
      <Filter>src\Adonis\Eventsystem</Filter>
    </ClInclude>
    <ClInclude Include="src\Adonis\Eventsystem\Events\ApplicationEvent.h">
      <Filter>src\Adonis\Eventsystem\Events</Filter>
    </ClInclude>
    <ClInclude Include="src\Adonis\Eventsystem\Events\Events.h">
      <Filter>src\Adonis\Eventsystem\Events</Filter>
    </ClInclude>
    <ClInclude Include="src\Adonis\Eventsystem\Events\GuiRenderEvent.h">
      <Filter>src\Adonis\Eventsystem\Events</Filter>
    </ClInclude>
    <ClInclude Include="src\Adonis\Eventsystem\Events\KeyboardEvent.h">
      <Filter>src\Adonis\Eventsystem\Events</Filter>
    </ClInclude>
    <ClInclude Include="src\Adonis\Eventsystem\Events\MouseEvent.h">
      <Filter>src\Adonis\Eventsystem\Events</Filter>
    </ClInclude>
    <ClInclude Include="src\Adonis\Eventsystem\Events\RenderEvent.h">
      <Filter>src\Adonis\Eventsystem\Events</Filter>
    </ClInclude>
    <ClInclude Include="src\Adonis\Eventsystem\Events\WindowEvent.h">
      <Filter>src\Adonis\Eventsystem\Events</Filter>
    </ClInclude>
    <ClInclude Include="src\Adonis\GLFW\ImGuiImplGLFW.h">
      <Filter>src\Adonis\GLFW</Filter>
    </ClInclude>
    <ClInclude Include="src\Adonis\GLFW\WindowGLFW.h">
      <Filter>src\Adonis\GLFW</Filter>
    </ClInclude>
    <ClInclude Include="src\Adonis\Gui.h">
      <Filter>src\Adonis</Filter>
    </ClInclude>
    <ClInclude Include="src\Adonis\ImGui\ImGuiImplRenderer.h">
      <Filter>src\Adonis\ImGui</Filter>
    </ClInclude>
    <ClInclude Include="src\Adonis\ImGui\ImGuiImplWindow.h">
      <Filter>src\Adonis\ImGui</Filter>
    </ClInclude>
    <ClInclude Include="src\Adonis\Log.h">
      <Filter>src\Adonis</Filter>
    </ClInclude>
    <ClInclude Include="src\Adonis\Math\Math.h">
      <Filter>src\Adonis\Math</Filter>
    </ClInclude>
    <ClInclude Include="src\Adonis\OpenGL\GLRenderer.h">
      <Filter>src\Adonis\OpenGL</Filter>
    </ClInclude>
    <ClInclude Include="src\Adonis\OpenGL\ImGuiImplOpenGL.h">
      <Filter>src\Adonis\OpenGL</Filter>
    </ClInclude>
    <ClInclude Include="src\Adonis\Window.h">
      <Filter>src\Adonis</Filter>
    </ClInclude>
    <ClInclude Include="src\pch.h">
      <Filter>src</Filter>
    </ClInclude>
    <ClInclude Include="src\Adonis\Rendering\Renderer.h">
      <Filter>src\Adonis\Rendering</Filter>
    </ClInclude>
  </ItemGroup>
  <ItemGroup>
    <ClCompile Include="src\Adonis\Application.cpp">
      <Filter>src\Adonis</Filter>
    </ClCompile>
    <ClCompile Include="src\Adonis\Eventsystem\Event.cpp">
      <Filter>src\Adonis\Eventsystem</Filter>
    </ClCompile>
    <ClCompile Include="src\Adonis\Eventsystem\EventManager.cpp">
      <Filter>src\Adonis\Eventsystem</Filter>
    </ClCompile>
    <ClCompile Include="src\Adonis\Eventsystem\Events\ApplicationEvent.cpp">
      <Filter>src\Adonis\Eventsystem\Events</Filter>
    </ClCompile>
    <ClCompile Include="src\Adonis\GLFW\ImGuiImplGLFW.cpp">
      <Filter>src\Adonis\GLFW</Filter>
    </ClCompile>
    <ClCompile Include="src\Adonis\GLFW\WindowGLFW.cpp">
      <Filter>src\Adonis\GLFW</Filter>
    </ClCompile>
    <ClCompile Include="src\Adonis\Gui.cpp">
      <Filter>src\Adonis</Filter>
    </ClCompile>
    <ClCompile Include="src\Adonis\ImGui\ImGuiBuild.cpp">
      <Filter>src\Adonis\ImGui</Filter>
    </ClCompile>
    <ClCompile Include="src\Adonis\Log.cpp">
      <Filter>src\Adonis</Filter>
    </ClCompile>
    <ClCompile Include="src\Adonis\Math\Math.cpp">
      <Filter>src\Adonis\Math</Filter>
    </ClCompile>
    <ClCompile Include="src\Adonis\OpenGL\GLRenderer.cpp">
      <Filter>src\Adonis\OpenGL</Filter>
    </ClCompile>
    <ClCompile Include="src\Adonis\OpenGL\ImGuiImplOpenGL.cpp">
      <Filter>src\Adonis\OpenGL</Filter>
    </ClCompile>
    <ClCompile Include="src\pch.cpp">
      <Filter>src</Filter>
    </ClCompile>
  </ItemGroup>
  <ItemGroup>
    <None Include="src\Adonis\OpenGL\Shaders\2DTest.frag">
      <Filter>src\Adonis\OpenGL\Shaders</Filter>
    </None>
    <None Include="src\Adonis\OpenGL\Shaders\2DTest.vert">
      <Filter>src\Adonis\OpenGL\Shaders</Filter>
    </None>
    <None Include="src\Adonis\OpenGL\Shaders\3DTest.frag">
      <Filter>src\Adonis\OpenGL\Shaders</Filter>
    </None>
    <None Include="src\Adonis\OpenGL\Shaders\3DTest.vert">
      <Filter>src\Adonis\OpenGL\Shaders</Filter>
    </None>
  </ItemGroup>
  <ItemGroup>
    <Image Include="resources\WindowIcon.png">
      <Filter>resources</Filter>
    </Image>
  </ItemGroup>
</Project>